
Microsoft Visual Studio Solution File, Format Version 12.00
# Visual Studio 15
Project("{FAE04EC0-301F-11D3-BF4B-00C04F79EFBC}") = "Assembly-CSharp", "Assembly-CSharp.csproj", "{1E6B6496-275D-2BF4-8AF0-F8E2D37B574F}"
EndProject
Project("{FAE04EC0-301F-11D3-BF4B-00C04F79EFBC}") = "Assembly-CSharp-Editor", "Assembly-CSharp-Editor.csproj", "{755E7680-24FB-FA33-856C-5877501A4EED}"
EndProject
Global
	GlobalSection(SolutionConfigurationPlatforms) = preSolution
		Debug|Any CPU = Debug|Any CPU
		Release|Any CPU = Release|Any CPU
	EndGlobalSection
	GlobalSection(ProjectConfigurationPlatforms) = postSolution
		{1E6B6496-275D-2BF4-8AF0-F8E2D37B574F}.Debug|Any CPU.ActiveCfg = Debug|Any CPU
		{1E6B6496-275D-2BF4-8AF0-F8E2D37B574F}.Debug|Any CPU.Build.0 = Debug|Any CPU
		{1E6B6496-275D-2BF4-8AF0-F8E2D37B574F}.Release|Any CPU.ActiveCfg = Release|Any CPU
		{1E6B6496-275D-2BF4-8AF0-F8E2D37B574F}.Release|Any CPU.Build.0 = Release|Any CPU
		{755E7680-24FB-FA33-856C-5877501A4EED}.Debug|Any CPU.ActiveCfg = Debug|Any CPU
		{755E7680-24FB-FA33-856C-5877501A4EED}.Debug|Any CPU.Build.0 = Debug|Any CPU
		{755E7680-24FB-FA33-856C-5877501A4EED}.Release|Any CPU.ActiveCfg = Release|Any CPU
		{755E7680-24FB-FA33-856C-5877501A4EED}.Release|Any CPU.Build.0 = Release|Any CPU
	EndGlobalSection
	GlobalSection(SolutionProperties) = preSolution
		HideSolutionNode = FALSE
	EndGlobalSection
	GlobalSection(MonoDevelopProperties) = preSolution
		StartupItem = Assembly-CSharp.csproj
	EndGlobalSection
EndGlobal
